Microsoft Visual Studio Solution File, Format Version 12.00
# Visual Studio Version 17
VisualStudioVersion = 17.5.2.0
MinimumVisualStudioVersion = 10.0.40219.1
Project("{FAE04EC0-301F-11D3-BF4B-00C04F79EFBC}") = "LeadResearchAgent", "LeadResearchAgent.csproj", "{EDF6355C-7DF4-1313-10BE-7246F77B1422}"
EndProject
Global
	GlobalSection(SolutionConfigurationPlatforms) = preSolution
		Debug|Any CPU = Debug|Any CPU
		Release|Any CPU = Release|Any CPU
	EndGlobalSection
	GlobalSection(ProjectConfigurationPlatforms) = postSolution
		{EDF6355C-7DF4-1313-10BE-7246F77B1422}.Debug|Any CPU.ActiveCfg = Debug|Any CPU
		{EDF6355C-7DF4-1313-10BE-7246F77B1422}.Debug|Any CPU.Build.0 = Debug|Any CPU
		{EDF6355C-7DF4-1313-10BE-7246F77B1422}.Release|Any CPU.ActiveCfg = Release|Any CPU
		{EDF6355C-7DF4-1313-10BE-7246F77B1422}.Release|Any CPU.Build.0 = Release|Any CPU
	EndGlobalSection
	GlobalSection(SolutionProperties) = preSolution
		HideSolutionNode = FALSE
	EndGlobalSection
	GlobalSection(ExtensibilityGlobals) = postSolution
		SolutionGuid = {B38751C3-079D-44EA-BC0C-90C61CCB7696}
	EndGlobalSection
EndGlobal
